<Solution>
  <Project Path="Core.Application/Core.Application.csproj" />
  <Project Path="Core.Domain/Core.Domain.csproj" />
  <Project Path="Infrastructure/Infrastructure.csproj" />
  <Project Path="Presentation.Api/Presentation.Api.csproj" />
  <Project Path="Tests.Unit/Tests.Unit.csproj" />
</Solution>
